{
  "requires": true,
  "lockfileVersion": 1,
  "dependencies": {
    "@types/angular": {
      "version": "1.7.3",
      "resolved": "https://registry.npmjs.org/@types/angular/-/angular-1.7.3.tgz",
      "integrity": "sha512-rr40P9yHTlLuY6y+PUfwHeoBWO8uEJTazcs89o83fheyH/b9OZW7p7EsvFMriCPam3p6VSD57zkgn+nAQCvfUw==",
      "dev": true
    }
  }
}
